
Microsoft Visual Studio Solution File, Format Version 12.00
# Visual Studio Version 17
VisualStudioVersion = 17.4.33403.182
MinimumVisualStudioVersion = 10.0.40219.1
Project("{FAE04EC0-301F-11D3-BF4B-00C04F79EFBC}") = "CursoCSharp", "CursoCSharp\CursoCSharp.csproj", "{D2836E9D-1F39-4B51-A459-6ECAC3C66B66}"
EndProject
Global
	GlobalSection(SolutionConfigurationPlatforms) = preSolution
		Debug|Any CPU = Debug|Any CPU
		Release|Any CPU = Release|Any CPU
	EndGlobalSection
	GlobalSection(ProjectConfigurationPlatforms) = postSolution
		{D2836E9D-1F39-4B51-A459-6ECAC3C66B66}.Debug|Any CPU.ActiveCfg = Debug|Any CPU
		{D2836E9D-1F39-4B51-A459-6ECAC3C66B66}.Debug|Any CPU.Build.0 = Debug|Any CPU
		{D2836E9D-1F39-4B51-A459-6ECAC3C66B66}.Release|Any CPU.ActiveCfg = Release|Any CPU
		{D2836E9D-1F39-4B51-A459-6ECAC3C66B66}.Release|Any CPU.Build.0 = Release|Any CPU
	EndGlobalSection
	GlobalSection(SolutionProperties) = preSolution
		HideSolutionNode = FALSE
	EndGlobalSection
	GlobalSection(ExtensibilityGlobals) = postSolution
		SolutionGuid = {2DC0394A-98E1-4522-8E54-C650AA3E49ED}
	EndGlobalSection
EndGlobal
